
Microsoft Visual Studio Solution File, Format Version 12.00
# Visual Studio 2013
VisualStudioVersion = 12.0.21005.1
MinimumVisualStudioVersion = 10.0.40219.1
Project("{FAE04EC0-301F-11D3-BF4B-00C04F79EFBC}") = "LandResources", "LandResources\LandResources.csproj", "{45A43E36-1B87-4FBA-B133-10163F2247DD}"
EndProject
Global
	GlobalSection(TeamFoundationVersionControl) = preSolution
		SccNumberOfProjects = 2
		SccEnterpriseProvider = {4CA58AB2-18FA-4F8D-95D4-32DDF27D184C}
		SccTeamFoundationServer = https://wucan.visualstudio.com/defaultcollection
		SccLocalPath0 = .
		SccProjectUniqueName1 = LandResources\\LandResources.csproj
		SccProjectName1 = LandResources
		SccLocalPath1 = LandResources
	EndGlobalSection
	GlobalSection(SolutionConfigurationPlatforms) = preSolution
		CD_ROM|Any CPU = CD_ROM|Any CPU
		Debug|Any CPU = Debug|Any CPU
		DVD-5|Any CPU = DVD-5|Any CPU
		Release|Any CPU = Release|Any CPU
		SingleImage|Any CPU = SingleImage|Any CPU
	EndGlobalSection
	GlobalSection(ProjectConfigurationPlatforms) = postSolution
		{45A43E36-1B87-4FBA-B133-10163F2247DD}.CD_ROM|Any CPU.ActiveCfg = Release|Any CPU
		{45A43E36-1B87-4FBA-B133-10163F2247DD}.CD_ROM|Any CPU.Build.0 = Release|Any CPU
		{45A43E36-1B87-4FBA-B133-10163F2247DD}.Debug|Any CPU.ActiveCfg = Debug|Any CPU
		{45A43E36-1B87-4FBA-B133-10163F2247DD}.Debug|Any CPU.Build.0 = Debug|Any CPU
		{45A43E36-1B87-4FBA-B133-10163F2247DD}.DVD-5|Any CPU.ActiveCfg = Debug|Any CPU
		{45A43E36-1B87-4FBA-B133-10163F2247DD}.DVD-5|Any CPU.Build.0 = Debug|Any CPU
		{45A43E36-1B87-4FBA-B133-10163F2247DD}.Release|Any CPU.ActiveCfg = Release|Any CPU
		{45A43E36-1B87-4FBA-B133-10163F2247DD}.Release|Any CPU.Build.0 = Release|Any CPU
		{45A43E36-1B87-4FBA-B133-10163F2247DD}.SingleImage|Any CPU.ActiveCfg = Release|Any CPU
		{45A43E36-1B87-4FBA-B133-10163F2247DD}.SingleImage|Any CPU.Build.0 = Release|Any CPU
	EndGlobalSection
	GlobalSection(SolutionProperties) = preSolution
		HideSolutionNode = FALSE
	EndGlobalSection
EndGlobal
